
Microsoft Visual Studio Solution File, Format Version 12.00
# Visual Studio 15
VisualStudioVersion = 15.0.26430.15
MinimumVisualStudioVersion = 10.0.40219.1
Project("{FAE04EC0-301F-11D3-BF4B-00C04F79EFBC}") = "ADO_LR11", "ADO_LR11\ADO_LR11.csproj", "{211B2698-F2C2-4EFB-9966-BDE3C33449DB}"
EndProject
Global
	GlobalSection(SolutionConfigurationPlatforms) = preSolution
		Debug|Any CPU = Debug|Any CPU
		Release|Any CPU = Release|Any CPU
	EndGlobalSection
	GlobalSection(ProjectConfigurationPlatforms) = postSolution
		{211B2698-F2C2-4EFB-9966-BDE3C33449DB}.Debug|Any CPU.ActiveCfg = Debug|Any CPU
		{211B2698-F2C2-4EFB-9966-BDE3C33449DB}.Debug|Any CPU.Build.0 = Debug|Any CPU
		{211B2698-F2C2-4EFB-9966-BDE3C33449DB}.Release|Any CPU.ActiveCfg = Release|Any CPU
		{211B2698-F2C2-4EFB-9966-BDE3C33449DB}.Release|Any CPU.Build.0 = Release|Any CPU
	EndGlobalSection
	GlobalSection(SolutionProperties) = preSolution
		HideSolutionNode = FALSE
	EndGlobalSection
EndGlobal
